// !$*UTF8*$!
{
	archiveVersion = 1;
	classes = {
	};
	objectVersion = 56;
	objects = {

/* Begin PBXBuildFile section */
		3F6985C52B34A77A0010E1D4 /* IntroScreen.swift in Sources */ = {isa = PBXBuildFile; fileRef = 3F6985C42B34A77A0010E1D4 /* IntroScreen.swift */; };
		3F6985C82B34A9940010E1D4 /* Constants.swift in Sources */ = {isa = PBXBuildFile; fileRef = 3F6985C72B34A9940010E1D4 /* Constants.swift */; };
		3F6985CA2B34AF5F0010E1D4 /* Tab.swift in Sources */ = {isa = PBXBuildFile; fileRef = 3F6985C92B34AF5F0010E1D4 /* Tab.swift */; };
		3F6985CC2B34B7270010E1D4 /* Catagory.swift in Sources */ = {isa = PBXBuildFile; fileRef = 3F6985CB2B34B7270010E1D4 /* Catagory.swift */; };
		3F6985CE2B34B8060010E1D4 /* Transaction.swift in Sources */ = {isa = PBXBuildFile; fileRef = 3F6985CD2B34B8060010E1D4 /* Transaction.swift */; };
		3F6985D02B34B92C0010E1D4 /* TintColor.swift in Sources */ = {isa = PBXBuildFile; fileRef = 3F6985CF2B34B92C0010E1D4 /* TintColor.swift */; };
		3F6985D32B34BB880010E1D4 /* Search.swift in Sources */ = {isa = PBXBuildFile; fileRef = 3F6985D22B34BB880010E1D4 /* Search.swift */; };
		3F6985D52B34BB910010E1D4 /* Recents.swift in Sources */ = {isa = PBXBuildFile; fileRef = 3F6985D42B34BB910010E1D4 /* Recents.swift */; };
		3F6985D72B34BBA20010E1D4 /* Graphs.swift in Sources */ = {isa = PBXBuildFile; fileRef = 3F6985D62B34BBA20010E1D4 /* Graphs.swift */; };
		3F6985D92B34BBB80010E1D4 /* Settings.swift in Sources */ = {isa = PBXBuildFile; fileRef = 3F6985D82B34BBB80010E1D4 /* Settings.swift */; };
		3F6985DB2B34BF560010E1D4 /* View+Extensions.swift in Sources */ = {isa = PBXBuildFile; fileRef = 3F6985DA2B34BF560010E1D4 /* View+Extensions.swift */; };
		3F6985DD2B357FCE0010E1D4 /* Date+Extensions.swift in Sources */ = {isa = PBXBuildFile; fileRef = 3F6985DC2B357FCE0010E1D4 /* Date+Extensions.swift */; };
		3F6985E02B3583AF0010E1D4 /* CardView.swift in Sources */ = {isa = PBXBuildFile; fileRef = 3F6985DF2B3583AF0010E1D4 /* CardView.swift */; };
		3F6985E22B3592F70010E1D4 /* TransactionCardView.swift in Sources */ = {isa = PBXBuildFile; fileRef = 3F6985E12B3592F70010E1D4 /* TransactionCardView.swift */; };
		3F6985E42B3598F60010E1D4 /* SwipeAction.swift in Sources */ = {isa = PBXBuildFile; fileRef = 3F6985E32B3598F60010E1D4 /* SwipeAction.swift */; };
		3F6986032B35C2AB0010E1D4 /* DateFilterView.swift in Sources */ = {isa = PBXBuildFile; fileRef = 3F6986022B35C2AB0010E1D4 /* DateFilterView.swift */; };
		3F95D2CB2B35EB3B005CD89A /* LockView.swift in Sources */ = {isa = PBXBuildFile; fileRef = 3F95D2CA2B35EB3A005CD89A /* LockView.swift */; };
		3F95D2CD2B35F66C005CD89A /* TransactionView.swift in Sources */ = {isa = PBXBuildFile; fileRef = 3F95D2CC2B35F66C005CD89A /* TransactionView.swift */; };
		3F95D2CF2B36ED0F005CD89A /* FilterTransactionView.swift in Sources */ = {isa = PBXBuildFile; fileRef = 3F95D2CE2B36ED0F005CD89A /* FilterTransactionView.swift */; };
		3FF24FC02AD92AE300918A11 /* BudgeteerApp.swift in Sources */ = {isa = PBXBuildFile; fileRef = 3FF24FBF2AD92AE300918A11 /* BudgeteerApp.swift */; };
		3FF24FC22AD92AE300918A11 /* ContentView.swift in Sources */ = {isa = PBXBuildFile; fileRef = 3FF24FC12AD92AE300918A11 /* ContentView.swift */; };
		3FF24FC42AD92AE400918A11 /* Assets.xcassets in Resources */ = {isa = PBXBuildFile; fileRef = 3FF24FC32AD92AE400918A11 /* Assets.xcassets */; };
		3FF24FC72AD92AE400918A11 /* Preview Assets.xcassets in Resources */ = {isa = PBXBuildFile; fileRef = 3FF24FC62AD92AE400918A11 /* Preview Assets.xcassets */; };
/* End PBXBuildFile section */

/* Begin PBXFileReference section */
		3F6985C42B34A77A0010E1D4 /* IntroScreen.swift */ = {isa = PBXFileReference; lastKnownFileType = sourcecode.swift; path = IntroScreen.swift; sourceTree = "<group>"; };
		3F6985C72B34A9940010E1D4 /* Constants.swift */ = {isa = PBXFileReference; lastKnownFileType = sourcecode.swift; path = Constants.swift; sourceTree = "<group>"; };
		3F6985C92B34AF5F0010E1D4 /* Tab.swift */ = {isa = PBXFileReference; lastKnownFileType = sourcecode.swift; path = Tab.swift; sourceTree = "<group>"; };
		3F6985CB2B34B7270010E1D4 /* Catagory.swift */ = {isa = PBXFileReference; lastKnownFileType = sourcecode.swift; path = Catagory.swift; sourceTree = "<group>"; };
		3F6985CD2B34B8060010E1D4 /* Transaction.swift */ = {isa = PBXFileReference; lastKnownFileType = sourcecode.swift; path = Transaction.swift; sourceTree = "<group>"; };
		3F6985CF2B34B92C0010E1D4 /* TintColor.swift */ = {isa = PBXFileReference; lastKnownFileType = sourcecode.swift; path = TintColor.swift; sourceTree = "<group>"; };
		3F6985D22B34BB880010E1D4 /* Search.swift */ = {isa = PBXFileReference; lastKnownFileType = sourcecode.swift; path = Search.swift; sourceTree = "<group>"; };
		3F6985D42B34BB910010E1D4 /* Recents.swift */ = {isa = PBXFileReference; lastKnownFileType = sourcecode.swift; path = Recents.swift; sourceTree = "<group>"; };
		3F6985D62B34BBA20010E1D4 /* Graphs.swift */ = {isa = PBXFileReference; lastKnownFileType = sourcecode.swift; path = Graphs.swift; sourceTree = "<group>"; };
		3F6985D82B34BBB80010E1D4 /* Settings.swift */ = {isa = PBXFileReference; lastKnownFileType = sourcecode.swift; path = Settings.swift; sourceTree = "<group>"; };
		3F6985DA2B34BF560010E1D4 /* View+Extensions.swift */ = {isa = PBXFileReference; lastKnownFileType = sourcecode.swift; path = "View+Extensions.swift"; sourceTree = "<group>"; };
		3F6985DC2B357FCE0010E1D4 /* Date+Extensions.swift */ = {isa = PBXFileReference; lastKnownFileType = sourcecode.swift; path = "Date+Extensions.swift"; sourceTree = "<group>"; };
		3F6985DF2B3583AF0010E1D4 /* CardView.swift */ = {isa = PBXFileReference; lastKnownFileType = sourcecode.swift; path = CardView.swift; sourceTree = "<group>"; };
		3F6985E12B3592F70010E1D4 /* TransactionCardView.swift */ = {isa = PBXFileReference; lastKnownFileType = sourcecode.swift; path = TransactionCardView.swift; sourceTree = "<group>"; };
		3F6985E32B3598F60010E1D4 /* SwipeAction.swift */ = {isa = PBXFileReference; lastKnownFileType = sourcecode.swift; path = SwipeAction.swift; sourceTree = "<group>"; };
		3F6986022B35C2AB0010E1D4 /* DateFilterView.swift */ = {isa = PBXFileReference; lastKnownFileType = sourcecode.swift; path = DateFilterView.swift; sourceTree = "<group>"; };
		3F95D2CA2B35EB3A005CD89A /* LockView.swift */ = {isa = PBXFileReference; fileEncoding = 4; lastKnownFileType = sourcecode.swift; path = LockView.swift; sourceTree = "<group>"; };
		3F95D2CC2B35F66C005CD89A /* TransactionView.swift */ = {isa = PBXFileReference; lastKnownFileType = sourcecode.swift; path = TransactionView.swift; sourceTree = "<group>"; };
		3F95D2CE2B36ED0F005CD89A /* FilterTransactionView.swift */ = {isa = PBXFileReference; lastKnownFileType = sourcecode.swift; path = FilterTransactionView.swift; sourceTree = "<group>"; };
		3FF24FBC2AD92AE300918A11 /* Budgeteer.app */ = {isa = PBXFileReference; explicitFileType = wrapper.application; includeInIndex = 0; path = Budgeteer.app; sourceTree = BUILT_PRODUCTS_DIR; };
		3FF24FBF2AD92AE300918A11 /* BudgeteerApp.swift */ = {isa = PBXFileReference; lastKnownFileType = sourcecode.swift; path = BudgeteerApp.swift; sourceTree = "<group>"; };
		3FF24FC12AD92AE300918A11 /* ContentView.swift */ = {isa = PBXFileReference; lastKnownFileType = sourcecode.swift; path = ContentView.swift; sourceTree = "<group>"; };
		3FF24FC32AD92AE400918A11 /* Assets.xcassets */ = {isa = PBXFileReference; lastKnownFileType = folder.assetcatalog; path = Assets.xcassets; sourceTree = "<group>"; };
		3FF24FC62AD92AE400918A11 /* Preview Assets.xcassets */ = {isa = PBXFileReference; lastKnownFileType = folder.assetcatalog; path = "Preview Assets.xcassets"; sourceTree = "<group>"; };
/* End PBXFileReference section */

/* Begin PBXFrameworksBuildPhase section */
		3FF24FB92AD92AE300918A11 /* Frameworks */ = {
			isa = PBXFrameworksBuildPhase;
			buildActionMask = 2147483647;
			files = (
			);
			runOnlyForDeploymentPostprocessing = 0;
		};
/* End PBXFrameworksBuildPhase section */

/* Begin PBXGroup section */
		3F6985C22B34A72F0010E1D4 /* View */ = {
			isa = PBXGroup;
			children = (
				3F6985DE2B3583990010E1D4 /* Helpers */,
				3F6985D12B34BB1B0010E1D4 /* TabViews */,
				3F6985C42B34A77A0010E1D4 /* IntroScreen.swift */,
				3F95D2CC2B35F66C005CD89A /* TransactionView.swift */,
			);
			path = View;
			sourceTree = "<group>";
		};
		3F6985C32B34A7360010E1D4 /* Model */ = {
			isa = PBXGroup;
			children = (
				3F6985C92B34AF5F0010E1D4 /* Tab.swift */,
				3F6985CB2B34B7270010E1D4 /* Catagory.swift */,
				3F6985CD2B34B8060010E1D4 /* Transaction.swift */,
				3F6985CF2B34B92C0010E1D4 /* TintColor.swift */,
			);
			path = Model;
			sourceTree = "<group>";
		};
		3F6985C62B34A9800010E1D4 /* Helpers */ = {
			isa = PBXGroup;
			children = (
				3F6985C72B34A9940010E1D4 /* Constants.swift */,
				3F6985DA2B34BF560010E1D4 /* View+Extensions.swift */,
				3F6985DC2B357FCE0010E1D4 /* Date+Extensions.swift */,
			);
			path = Helpers;
			sourceTree = "<group>";
		};
		3F6985D12B34BB1B0010E1D4 /* TabViews */ = {
			isa = PBXGroup;
			children = (
				3F6985D42B34BB910010E1D4 /* Recents.swift */,
				3F6985D22B34BB880010E1D4 /* Search.swift */,
				3F6985D62B34BBA20010E1D4 /* Graphs.swift */,
				3F6985D82B34BBB80010E1D4 /* Settings.swift */,
			);
			path = TabViews;
			sourceTree = "<group>";
		};
		3F6985DE2B3583990010E1D4 /* Helpers */ = {
			isa = PBXGroup;
			children = (
				3F95D2CA2B35EB3A005CD89A /* LockView.swift */,
				3F6985DF2B3583AF0010E1D4 /* CardView.swift */,
				3F6985E12B3592F70010E1D4 /* TransactionCardView.swift */,
				3F6985E32B3598F60010E1D4 /* SwipeAction.swift */,
				3F6986022B35C2AB0010E1D4 /* DateFilterView.swift */,
				3F95D2CE2B36ED0F005CD89A /* FilterTransactionView.swift */,
			);
			path = Helpers;
			sourceTree = "<group>";
		};
		3FF24FB32AD92AE300918A11 = {
			isa = PBXGroup;
			children = (
				3FF24FBE2AD92AE300918A11 /* Budgeteer */,
				3FF24FBD2AD92AE300918A11 /* Products */,
			);
			sourceTree = "<group>";
		};
		3FF24FBD2AD92AE300918A11 /* Products */ = {
			isa = PBXGroup;
			children = (
				3FF24FBC2AD92AE300918A11 /* Budgeteer.app */,
			);
			name = Products;
			sourceTree = "<group>";
		};
		3FF24FBE2AD92AE300918A11 /* Budgeteer */ = {
			isa = PBXGroup;
			children = (
				3F6985C62B34A9800010E1D4 /* Helpers */,
				3F6985C22B34A72F0010E1D4 /* View */,
				3F6985C32B34A7360010E1D4 /* Model */,
				3FF24FBF2AD92AE300918A11 /* BudgeteerApp.swift */,
				3FF24FC12AD92AE300918A11 /* ContentView.swift */,
				3FF24FC32AD92AE400918A11 /* Assets.xcassets */,
				3FF24FCD2AD92E4200918A11 /* Core */,
				3FF24FC52AD92AE400918A11 /* Preview Content */,
			);
			path = Budgeteer;
			sourceTree = "<group>";
		};
		3FF24FC52AD92AE400918A11 /* Preview Content */ = {
			isa = PBXGroup;
			children = (
				3FF24FC62AD92AE400918A11 /* Preview Assets.xcassets */,
			);
			path = "Preview Content";
			sourceTree = "<group>";
		};
		3FF24FCD2AD92E4200918A11 /* Core */ = {
			isa = PBXGroup;
			children = (
			);
			path = Core;
			sourceTree = "<group>";
		};
/* End PBXGroup section */

/* Begin PBXNativeTarget section */
		3FF24FBB2AD92AE300918A11 /* Budgeteer */ = {
			isa = PBXNativeTarget;
			buildConfigurationList = 3FF24FCA2AD92AE400918A11 /* Build configuration list for PBXNativeTarget "Budgeteer" */;
			buildPhases = (
				3FF24FB82AD92AE300918A11 /* Sources */,
				3FF24FB92AD92AE300918A11 /* Frameworks */,
				3FF24FBA2AD92AE300918A11 /* Resources */,
			);
			buildRules = (
			);
			dependencies = (
			);
			name = Budgeteer;
			productName = Budgeteer;
			productReference = 3FF24FBC2AD92AE300918A11 /* Budgeteer.app */;
			productType = "com.apple.product-type.application";
		};
/* End PBXNativeTarget section */

/* Begin PBXProject section */
		3FF24FB42AD92AE300918A11 /* Project object */ = {
			isa = PBXProject;
			attributes = {
				BuildIndependentTargetsInParallel = 1;
				LastSwiftUpdateCheck = 1500;
				LastUpgradeCheck = 1500;
				TargetAttributes = {
					3FF24FBB2AD92AE300918A11 = {
						CreatedOnToolsVersion = 15.0;
					};
				};
			};
			buildConfigurationList = 3FF24FB72AD92AE300918A11 /* Build configuration list for PBXProject "Budgeteer" */;
			compatibilityVersion = "Xcode 14.0";
			developmentRegion = en;
			hasScannedForEncodings = 0;
			knownRegions = (
				en,
				Base,
			);
			mainGroup = 3FF24FB32AD92AE300918A11;
			productRefGroup = 3FF24FBD2AD92AE300918A11 /* Products */;
			projectDirPath = "";
			projectRoot = "";
			targets = (
				3FF24FBB2AD92AE300918A11 /* Budgeteer */,
			);
		};
/* End PBXProject section */

/* Begin PBXResourcesBuildPhase section */
		3FF24FBA2AD92AE300918A11 /* Resources */ = {
			isa = PBXResourcesBuildPhase;
			buildActionMask = 2147483647;
			files = (
				3FF24FC72AD92AE400918A11 /* Preview Assets.xcassets in Resources */,
				3FF24FC42AD92AE400918A11 /* Assets.xcassets in Resources */,
			);
			runOnlyForDeploymentPostprocessing = 0;
		};
/* End PBXResourcesBuildPhase section */

/* Begin PBXSourcesBuildPhase section */
		3FF24FB82AD92AE300918A11 /* Sources */ = {
			isa = PBXSourcesBuildPhase;
			buildActionMask = 2147483647;
			files = (
				3F6985D32B34BB880010E1D4 /* Search.swift in Sources */,
				3F6985D02B34B92C0010E1D4 /* TintColor.swift in Sources */,
				3F95D2CF2B36ED0F005CD89A /* FilterTransactionView.swift in Sources */,
				3F6986032B35C2AB0010E1D4 /* DateFilterView.swift in Sources */,
				3F6985CE2B34B8060010E1D4 /* Transaction.swift in Sources */,
				3FF24FC22AD92AE300918A11 /* ContentView.swift in Sources */,
				3F95D2CD2B35F66C005CD89A /* TransactionView.swift in Sources */,
				3F6985E02B3583AF0010E1D4 /* CardView.swift in Sources */,
				3F6985E42B3598F60010E1D4 /* SwipeAction.swift in Sources */,
				3F6985D52B34BB910010E1D4 /* Recents.swift in Sources */,
				3F6985C52B34A77A0010E1D4 /* IntroScreen.swift in Sources */,
				3F6985D92B34BBB80010E1D4 /* Settings.swift in Sources */,
				3F6985CC2B34B7270010E1D4 /* Catagory.swift in Sources */,
				3F6985CA2B34AF5F0010E1D4 /* Tab.swift in Sources */,
				3F6985DD2B357FCE0010E1D4 /* Date+Extensions.swift in Sources */,
				3F6985DB2B34BF560010E1D4 /* View+Extensions.swift in Sources */,
				3F95D2CB2B35EB3B005CD89A /* LockView.swift in Sources */,
				3FF24FC02AD92AE300918A11 /* BudgeteerApp.swift in Sources */,
				3F6985D72B34BBA20010E1D4 /* Graphs.swift in Sources */,
				3F6985C82B34A9940010E1D4 /* Constants.swift in Sources */,
				3F6985E22B3592F70010E1D4 /* TransactionCardView.swift in Sources */,
			);
			runOnlyForDeploymentPostprocessing = 0;
		};
/* End PBXSourcesBuildPhase section */

/* Begin XCBuildConfiguration section */
		3FF24FC82AD92AE400918A11 /* Debug */ = {
			isa = XCBuildConfiguration;
			buildSettings = {
				ALWAYS_SEARCH_USER_PATHS = NO;
				ASSETCATALOG_COMPILER_GENERATE_SWIFT_ASSET_SYMBOL_EXTENSIONS = YES;
				CLANG_ANALYZER_NONNULL = YES;
				CLANG_ANALYZER_NUMBER_OBJECT_CONVERSION = YES_AGGRESSIVE;
				CLANG_CXX_LANGUAGE_STANDARD = "gnu++20";
				CLANG_ENABLE_MODULES = YES;
				CLANG_ENABLE_OBJC_ARC = YES;
				CLANG_ENABLE_OBJC_WEAK = YES;
				CLANG_WARN_BLOCK_CAPTURE_AUTORELEASING = YES;
				CLANG_WARN_BOOL_CONVERSION = YES;
				CLANG_WARN_COMMA = YES;
				CLANG_WARN_CONSTANT_CONVERSION = YES;
				CLANG_WARN_DEPRECATED_OBJC_IMPLEMENTATIONS = YES;
				CLANG_WARN_DIRECT_OBJC_ISA_USAGE = YES_ERROR;
				CLANG_WARN_DOCUMENTATION_COMMENTS = YES;
				CLANG_WARN_EMPTY_BODY = YES;
				CLANG_WARN_ENUM_CONVERSION = YES;
				CLANG_WARN_INFINITE_RECURSION = YES;
				CLANG_WARN_INT_CONVERSION = YES;
				CLANG_WARN_NON_LITERAL_NULL_CONVERSION = YES;
				CLANG_WARN_OBJC_IMPLICIT_RETAIN_SELF = YES;
				CLANG_WARN_OBJC_LITERAL_CONVERSION = YES;
				CLANG_WARN_OBJC_ROOT_CLASS = YES_ERROR;
				CLANG_WARN_QUOTED_INCLUDE_IN_FRAMEWORK_HEADER = YES;
				CLANG_WARN_RANGE_LOOP_ANALYSIS = YES;
				CLANG_WARN_STRICT_PROTOTYPES = YES;
				CLANG_WARN_SUSPICIOUS_MOVE = YES;
				CLANG_WARN_UNGUARDED_AVAILABILITY = YES_AGGRESSIVE;
				CLANG_WARN_UNREACHABLE_CODE = YES;
				CLANG_WARN__DUPLICATE_METHOD_MATCH = YES;
				COPY_PHASE_STRIP = NO;
				DEBUG_INFORMATION_FORMAT = dwarf;
				ENABLE_STRICT_OBJC_MSGSEND = YES;
				ENABLE_TESTABILITY = YES;
				ENABLE_USER_SCRIPT_SANDBOXING = YES;
				GCC_C_LANGUAGE_STANDARD = gnu17;
				GCC_DYNAMIC_NO_PIC = NO;
				GCC_NO_COMMON_BLOCKS = YES;
				GCC_OPTIMIZATION_LEVEL = 0;
				GCC_PREPROCESSOR_DEFINITIONS = (
					"DEBUG=1",
					"$(inherited)",
				);
				GCC_WARN_64_TO_32_BIT_CONVERSION = YES;
				GCC_WARN_ABOUT_RETURN_TYPE = YES_ERROR;
				GCC_WARN_UNDECLARED_SELECTOR = YES;
				GCC_WARN_UNINITIALIZED_AUTOS = YES_AGGRESSIVE;
				GCC_WARN_UNUSED_FUNCTION = YES;
				GCC_WARN_UNUSED_VARIABLE = YES;
				IPHONEOS_DEPLOYMENT_TARGET = 17.0;
				LOCALIZATION_PREFERS_STRING_CATALOGS = YES;
				MTL_ENABLE_DEBUG_INFO = INCLUDE_SOURCE;
				MTL_FAST_MATH = YES;
				ONLY_ACTIVE_ARCH = YES;
				SDKROOT = iphoneos;
				SWIFT_ACTIVE_COMPILATION_CONDITIONS = "DEBUG $(inherited)";
				SWIFT_OPTIMIZATION_LEVEL = "-Onone";
			};
			name = Debug;
		};
		3FF24FC92AD92AE400918A11 /* Release */ = {
			isa = XCBuildConfiguration;
			buildSettings = {
				ALWAYS_SEARCH_USER_PATHS = NO;
				ASSETCATALOG_COMPILER_GENERATE_SWIFT_ASSET_SYMBOL_EXTENSIONS = YES;
				CLANG_ANALYZER_NONNULL = YES;
				CLANG_ANALYZER_NUMBER_OBJECT_CONVERSION = YES_AGGRESSIVE;
				CLANG_CXX_LANGUAGE_STANDARD = "gnu++20";
				CLANG_ENABLE_MODULES = YES;
				CLANG_ENABLE_OBJC_ARC = YES;
				CLANG_ENABLE_OBJC_WEAK = YES;
				CLANG_WARN_BLOCK_CAPTURE_AUTORELEASING = YES;
				CLANG_WARN_BOOL_CONVERSION = YES;
				CLANG_WARN_COMMA = YES;
				CLANG_WARN_CONSTANT_CONVERSION = YES;
				CLANG_WARN_DEPRECATED_OBJC_IMPLEMENTATIONS = YES;
				CLANG_WARN_DIRECT_OBJC_ISA_USAGE = YES_ERROR;
				CLANG_WARN_DOCUMENTATION_COMMENTS = YES;
				CLANG_WARN_EMPTY_BODY = YES;
				CLANG_WARN_ENUM_CONVERSION = YES;
				CLANG_WARN_INFINITE_RECURSION = YES;
				CLANG_WARN_INT_CONVERSION = YES;
				CLANG_WARN_NON_LITERAL_NULL_CONVERSION = YES;
				CLANG_WARN_OBJC_IMPLICIT_RETAIN_SELF = YES;
				CLANG_WARN_OBJC_LITERAL_CONVERSION = YES;
				CLANG_WARN_OBJC_ROOT_CLASS = YES_ERROR;
				CLANG_WARN_QUOTED_INCLUDE_IN_FRAMEWORK_HEADER = YES;
				CLANG_WARN_RANGE_LOOP_ANALYSIS = YES;
				CLANG_WARN_STRICT_PROTOTYPES = YES;
				CLANG_WARN_SUSPICIOUS_MOVE = YES;
				CLANG_WARN_UNGUARDED_AVAILABILITY = YES_AGGRESSIVE;
				CLANG_WARN_UNREACHABLE_CODE = YES;
				CLANG_WARN__DUPLICATE_METHOD_MATCH = YES;
				COPY_PHASE_STRIP = NO;
				DEBUG_INFORMATION_FORMAT = "dwarf-with-dsym";
				ENABLE_NS_ASSERTIONS = NO;
				ENABLE_STRICT_OBJC_MSGSEND = YES;
				ENABLE_USER_SCRIPT_SANDBOXING = YES;
				GCC_C_LANGUAGE_STANDARD = gnu17;
				GCC_NO_COMMON_BLOCKS = YES;
				GCC_WARN_64_TO_32_BIT_CONVERSION = YES;
				GCC_WARN_ABOUT_RETURN_TYPE = YES_ERROR;
				GCC_WARN_UNDECLARED_SELECTOR = YES;
				GCC_WARN_UNINITIALIZED_AUTOS = YES_AGGRESSIVE;
				GCC_WARN_UNUSED_FUNCTION = YES;
				GCC_WARN_UNUSED_VARIABLE = YES;
				IPHONEOS_DEPLOYMENT_TARGET = 17.0;
				LOCALIZATION_PREFERS_STRING_CATALOGS = YES;
				MTL_ENABLE_DEBUG_INFO = NO;
				MTL_FAST_MATH = YES;
				SDKROOT = iphoneos;
				SWIFT_COMPILATION_MODE = wholemodule;
				VALIDATE_PRODUCT = YES;
			};
			name = Release;
		};
		3FF24FCB2AD92AE400918A11 /* Debug */ = {
			isa = XCBuildConfiguration;
			buildSettings = {
				ASSETCATALOG_COMPILER_APPICON_NAME = AppIcon;
				ASSETCATALOG_COMPILER_GLOBAL_ACCENT_COLOR_NAME = AccentColor;
				CODE_SIGN_STYLE = Automatic;
				CURRENT_PROJECT_VERSION = 1;
				DEVELOPMENT_ASSET_PATHS = "\"Budgeteer/Preview Content\"";
				DEVELOPMENT_TEAM = BV862H23C8;
				ENABLE_PREVIEWS = YES;
				GENERATE_INFOPLIST_FILE = YES;
				INFOPLIST_KEY_NSFaceIDUsageDescription = "The app requires you to enable Face ID to unlock the app";
				INFOPLIST_KEY_UIApplicationSceneManifest_Generation = YES;
				INFOPLIST_KEY_UIApplicationSupportsIndirectInputEvents = YES;
				INFOPLIST_KEY_UILaunchScreen_Generation = YES;
				INFOPLIST_KEY_UISupportedInterfaceOrientations_iPad = "UIInterfaceOrientationPortrait UIInterfaceOrientationPortraitUpsideDown UIInterfaceOrientationLandscapeLeft UIInterfaceOrientationLandscapeRight";
				INFOPLIST_KEY_UISupportedInterfaceOrientations_iPhone = "UIInterfaceOrientationPortrait UIInterfaceOrientationLandscapeLeft UIInterfaceOrientationLandscapeRight";
				LD_RUNPATH_SEARCH_PATHS = (
					"$(inherited)",
					"@executable_path/Frameworks",
				);
				MARKETING_VERSION = 1.0;
				PRODUCT_BUNDLE_IDENTIFIER = com.andy.Budgeteer;
				PRODUCT_NAME = "$(TARGET_NAME)";
				SWIFT_EMIT_LOC_STRINGS = YES;
				SWIFT_VERSION = 5.0;
				TARGETED_DEVICE_FAMILY = "1,2";
			};
			name = Debug;
		};
		3FF24FCC2AD92AE400918A11 /* Release */ = {
			isa = XCBuildConfiguration;
			buildSettings = {
				ASSETCATALOG_COMPILER_APPICON_NAME = AppIcon;
				ASSETCATALOG_COMPILER_GLOBAL_ACCENT_COLOR_NAME = AccentColor;
				CODE_SIGN_STYLE = Automatic;
				CURRENT_PROJECT_VERSION = 1;
				DEVELOPMENT_ASSET_PATHS = "\"Budgeteer/Preview Content\"";
				DEVELOPMENT_TEAM = BV862H23C8;
				ENABLE_PREVIEWS = YES;
				GENERATE_INFOPLIST_FILE = YES;
				INFOPLIST_KEY_NSFaceIDUsageDescription = "The app requires you to enable Face ID to unlock the app";
				INFOPLIST_KEY_UIApplicationSceneManifest_Generation = YES;
				INFOPLIST_KEY_UIApplicationSupportsIndirectInputEvents = YES;
				INFOPLIST_KEY_UILaunchScreen_Generation = YES;
				INFOPLIST_KEY_UISupportedInterfaceOrientations_iPad = "UIInterfaceOrientationPortrait UIInterfaceOrientationPortraitUpsideDown UIInterfaceOrientationLandscapeLeft UIInterfaceOrientationLandscapeRight";
				INFOPLIST_KEY_UISupportedInterfaceOrientations_iPhone = "UIInterfaceOrientationPortrait UIInterfaceOrientationLandscapeLeft UIInterfaceOrientationLandscapeRight";
				LD_RUNPATH_SEARCH_PATHS = (
					"$(inherited)",
					"@executable_path/Frameworks",
				);
				MARKETING_VERSION = 1.0;
				PRODUCT_BUNDLE_IDENTIFIER = com.andy.Budgeteer;
				PRODUCT_NAME = "$(TARGET_NAME)";
				SWIFT_EMIT_LOC_STRINGS = YES;
				SWIFT_VERSION = 5.0;
				TARGETED_DEVICE_FAMILY = "1,2";
			};
			name = Release;
		};
/* End XCBuildConfiguration section */

/* Begin XCConfigurationList section */
		3FF24FB72AD92AE300918A11 /* Build configuration list for PBXProject "Budgeteer" */ = {
			isa = XCConfigurationList;
			buildConfigurations = (
				3FF24FC82AD92AE400918A11 /* Debug */,
				3FF24FC92AD92AE400918A11 /* Release */,
			);
			defaultConfigurationIsVisible = 0;
			defaultConfigurationName = Release;
		};
		3FF24FCA2AD92AE400918A11 /* Build configuration list for PBXNativeTarget "Budgeteer" */ = {
			isa = XCConfigurationList;
			buildConfigurations = (
				3FF24FCB2AD92AE400918A11 /* Debug */,
				3FF24FCC2AD92AE400918A11 /* Release */,
			);
			defaultConfigurationIsVisible = 0;
			defaultConfigurationName = Release;
		};
/* End XCConfigurationList section */
	};
	rootObject = 3FF24FB42AD92AE300918A11 /* Project object */;
}
