// !$*UTF8*$!
{
	archiveVersion = 1;
	classes = {
	};
	objectVersion = 56;
	objects = {

/* Begin PBXBuildFile section */
		3FF24FC02AD92AE300918A11 /* BudgeteerApp.swift in Sources */ = {isa = PBXBuildFile; fileRef = 3FF24FBF2AD92AE300918A11 /* BudgeteerApp.swift */; };
		3FF24FC22AD92AE300918A11 /* MainTabView.swift in Sources */ = {isa = PBXBuildFile; fileRef = 3FF24FC12AD92AE300918A11 /* MainTabView.swift */; };
		3FF24FC42AD92AE400918A11 /* Assets.xcassets in Resources */ = {isa = PBXBuildFile; fileRef = 3FF24FC32AD92AE400918A11 /* Assets.xcassets */; };
		3FF24FC72AD92AE400918A11 /* Preview Assets.xcassets in Resources */ = {isa = PBXBuildFile; fileRef = 3FF24FC62AD92AE400918A11 /* Preview Assets.xcassets */; };
		3FF24FD22AD92E8A00918A11 /* HomeView.swift in Sources */ = {isa = PBXBuildFile; fileRef = 3FF24FD12AD92E8A00918A11 /* HomeView.swift */; };
		3FF24FD42AD92E9D00918A11 /* SettingsView.swift in Sources */ = {isa = PBXBuildFile; fileRef = 3FF24FD32AD92E9D00918A11 /* SettingsView.swift */; };
		3FF24FD92AD9356C00918A11 /* TransactionsView.swift in Sources */ = {isa = PBXBuildFile; fileRef = 3FF24FD82AD9356C00918A11 /* TransactionsView.swift */; };
		3FF24FDC2AD935A600918A11 /* StatsView.swift in Sources */ = {isa = PBXBuildFile; fileRef = 3FF24FDB2AD935A600918A11 /* StatsView.swift */; };
		3FF24FDF2AD9360700918A11 /* SummaryView.swift in Sources */ = {isa = PBXBuildFile; fileRef = 3FF24FDE2AD9360700918A11 /* SummaryView.swift */; };
		3FF24FE12AD9365D00918A11 /* UpcomingTripsView.swift in Sources */ = {isa = PBXBuildFile; fileRef = 3FF24FE02AD9365D00918A11 /* UpcomingTripsView.swift */; };
		3FF24FE32AD9368F00918A11 /* BudgetVisualizationView.swift in Sources */ = {isa = PBXBuildFile; fileRef = 3FF24FE22AD9368F00918A11 /* BudgetVisualizationView.swift */; };
		3FF24FE52AD936C500918A11 /* RecentTransactionsView.swift in Sources */ = {isa = PBXBuildFile; fileRef = 3FF24FE42AD936C500918A11 /* RecentTransactionsView.swift */; };
		3FF24FE72AD9371A00918A11 /* BudgetGoalsView.swift in Sources */ = {isa = PBXBuildFile; fileRef = 3FF24FE62AD9371A00918A11 /* BudgetGoalsView.swift */; };
		3FF24FEA2AD9478300918A11 /* User.swift in Sources */ = {isa = PBXBuildFile; fileRef = 3FF24FE92AD9478300918A11 /* User.swift */; };
		3FF24FEC2AD949B400918A11 /* Activity.swift in Sources */ = {isa = PBXBuildFile; fileRef = 3FF24FEB2AD949B400918A11 /* Activity.swift */; };
		3FF24FEE2AD949CF00918A11 /* City.swift in Sources */ = {isa = PBXBuildFile; fileRef = 3FF24FED2AD949CF00918A11 /* City.swift */; };
		3FF24FF02AD949E200918A11 /* Day.swift in Sources */ = {isa = PBXBuildFile; fileRef = 3FF24FEF2AD949E200918A11 /* Day.swift */; };
		3FF24FF22AD94A0200918A11 /* Transaction.swift in Sources */ = {isa = PBXBuildFile; fileRef = 3FF24FF12AD94A0200918A11 /* Transaction.swift */; };
/* End PBXBuildFile section */

/* Begin PBXFileReference section */
		3FF24FBC2AD92AE300918A11 /* Budgeteer.app */ = {isa = PBXFileReference; explicitFileType = wrapper.application; includeInIndex = 0; path = Budgeteer.app; sourceTree = BUILT_PRODUCTS_DIR; };
		3FF24FBF2AD92AE300918A11 /* BudgeteerApp.swift */ = {isa = PBXFileReference; lastKnownFileType = sourcecode.swift; path = BudgeteerApp.swift; sourceTree = "<group>"; };
		3FF24FC12AD92AE300918A11 /* MainTabView.swift */ = {isa = PBXFileReference; lastKnownFileType = sourcecode.swift; path = MainTabView.swift; sourceTree = "<group>"; };
		3FF24FC32AD92AE400918A11 /* Assets.xcassets */ = {isa = PBXFileReference; lastKnownFileType = folder.assetcatalog; path = Assets.xcassets; sourceTree = "<group>"; };
		3FF24FC62AD92AE400918A11 /* Preview Assets.xcassets */ = {isa = PBXFileReference; lastKnownFileType = folder.assetcatalog; path = "Preview Assets.xcassets"; sourceTree = "<group>"; };
		3FF24FD12AD92E8A00918A11 /* HomeView.swift */ = {isa = PBXFileReference; lastKnownFileType = sourcecode.swift; path = HomeView.swift; sourceTree = "<group>"; };
		3FF24FD32AD92E9D00918A11 /* SettingsView.swift */ = {isa = PBXFileReference; lastKnownFileType = sourcecode.swift; path = SettingsView.swift; sourceTree = "<group>"; };
		3FF24FD82AD9356C00918A11 /* TransactionsView.swift */ = {isa = PBXFileReference; lastKnownFileType = sourcecode.swift; path = TransactionsView.swift; sourceTree = "<group>"; };
		3FF24FDB2AD935A600918A11 /* StatsView.swift */ = {isa = PBXFileReference; lastKnownFileType = sourcecode.swift; path = StatsView.swift; sourceTree = "<group>"; };
		3FF24FDE2AD9360700918A11 /* SummaryView.swift */ = {isa = PBXFileReference; lastKnownFileType = sourcecode.swift; path = SummaryView.swift; sourceTree = "<group>"; };
		3FF24FE02AD9365D00918A11 /* UpcomingTripsView.swift */ = {isa = PBXFileReference; lastKnownFileType = sourcecode.swift; path = UpcomingTripsView.swift; sourceTree = "<group>"; };
		3FF24FE22AD9368F00918A11 /* BudgetVisualizationView.swift */ = {isa = PBXFileReference; lastKnownFileType = sourcecode.swift; path = BudgetVisualizationView.swift; sourceTree = "<group>"; };
		3FF24FE42AD936C500918A11 /* RecentTransactionsView.swift */ = {isa = PBXFileReference; lastKnownFileType = sourcecode.swift; path = RecentTransactionsView.swift; sourceTree = "<group>"; };
		3FF24FE62AD9371A00918A11 /* BudgetGoalsView.swift */ = {isa = PBXFileReference; lastKnownFileType = sourcecode.swift; path = BudgetGoalsView.swift; sourceTree = "<group>"; };
		3FF24FE92AD9478300918A11 /* User.swift */ = {isa = PBXFileReference; lastKnownFileType = sourcecode.swift; path = User.swift; sourceTree = "<group>"; };
		3FF24FEB2AD949B400918A11 /* Activity.swift */ = {isa = PBXFileReference; lastKnownFileType = sourcecode.swift; path = Activity.swift; sourceTree = "<group>"; };
		3FF24FED2AD949CF00918A11 /* City.swift */ = {isa = PBXFileReference; lastKnownFileType = sourcecode.swift; path = City.swift; sourceTree = "<group>"; };
		3FF24FEF2AD949E200918A11 /* Day.swift */ = {isa = PBXFileReference; lastKnownFileType = sourcecode.swift; path = Day.swift; sourceTree = "<group>"; };
		3FF24FF12AD94A0200918A11 /* Transaction.swift */ = {isa = PBXFileReference; lastKnownFileType = sourcecode.swift; path = Transaction.swift; sourceTree = "<group>"; };
/* End PBXFileReference section */

/* Begin PBXFrameworksBuildPhase section */
		3FF24FB92AD92AE300918A11 /* Frameworks */ = {
			isa = PBXFrameworksBuildPhase;
			buildActionMask = 2147483647;
			files = (
			);
			runOnlyForDeploymentPostprocessing = 0;
		};
/* End PBXFrameworksBuildPhase section */

/* Begin PBXGroup section */
		3FF24FB32AD92AE300918A11 = {
			isa = PBXGroup;
			children = (
				3FF24FBE2AD92AE300918A11 /* Budgeteer */,
				3FF24FBD2AD92AE300918A11 /* Products */,
			);
			sourceTree = "<group>";
		};
		3FF24FBD2AD92AE300918A11 /* Products */ = {
			isa = PBXGroup;
			children = (
				3FF24FBC2AD92AE300918A11 /* Budgeteer.app */,
			);
			name = Products;
			sourceTree = "<group>";
		};
		3FF24FBE2AD92AE300918A11 /* Budgeteer */ = {
			isa = PBXGroup;
			children = (
				3FF24FBF2AD92AE300918A11 /* BudgeteerApp.swift */,
				3FF24FE82AD9477700918A11 /* Models */,
				3FF24FCD2AD92E4200918A11 /* Core */,
				3FF24FC32AD92AE400918A11 /* Assets.xcassets */,
				3FF24FC52AD92AE400918A11 /* Preview Content */,
			);
			path = Budgeteer;
			sourceTree = "<group>";
		};
		3FF24FC52AD92AE400918A11 /* Preview Content */ = {
			isa = PBXGroup;
			children = (
				3FF24FC62AD92AE400918A11 /* Preview Assets.xcassets */,
			);
			path = "Preview Content";
			sourceTree = "<group>";
		};
		3FF24FCD2AD92E4200918A11 /* Core */ = {
			isa = PBXGroup;
			children = (
				3FF24FC12AD92AE300918A11 /* MainTabView.swift */,
				3FF24FCE2AD92E4E00918A11 /* Screens */,
			);
			path = Core;
			sourceTree = "<group>";
		};
		3FF24FCE2AD92E4E00918A11 /* Screens */ = {
			isa = PBXGroup;
			children = (
				3FF24FCF2AD92E5600918A11 /* Home */,
				3FF24FD52AD9352E00918A11 /* Transactions */,
				3FF24FD62AD9353A00918A11 /* Stats */,
				3FF24FD02AD92E7500918A11 /* Settings */,
			);
			path = Screens;
			sourceTree = "<group>";
		};
		3FF24FCF2AD92E5600918A11 /* Home */ = {
			isa = PBXGroup;
			children = (
				3FF24FDD2AD935FF00918A11 /* Views */,
				3FF24FD12AD92E8A00918A11 /* HomeView.swift */,
			);
			path = Home;
			sourceTree = "<group>";
		};
		3FF24FD02AD92E7500918A11 /* Settings */ = {
			isa = PBXGroup;
			children = (
				3FF24FD32AD92E9D00918A11 /* SettingsView.swift */,
			);
			path = Settings;
			sourceTree = "<group>";
		};
		3FF24FD52AD9352E00918A11 /* Transactions */ = {
			isa = PBXGroup;
			children = (
				3FF24FD72AD9356200918A11 /* Views */,
			);
			path = Transactions;
			sourceTree = "<group>";
		};
		3FF24FD62AD9353A00918A11 /* Stats */ = {
			isa = PBXGroup;
			children = (
				3FF24FDA2AD9359900918A11 /* Views */,
			);
			path = Stats;
			sourceTree = "<group>";
		};
		3FF24FD72AD9356200918A11 /* Views */ = {
			isa = PBXGroup;
			children = (
				3FF24FD82AD9356C00918A11 /* TransactionsView.swift */,
			);
			path = Views;
			sourceTree = "<group>";
		};
		3FF24FDA2AD9359900918A11 /* Views */ = {
			isa = PBXGroup;
			children = (
				3FF24FDB2AD935A600918A11 /* StatsView.swift */,
			);
			path = Views;
			sourceTree = "<group>";
		};
		3FF24FDD2AD935FF00918A11 /* Views */ = {
			isa = PBXGroup;
			children = (
				3FF24FDE2AD9360700918A11 /* SummaryView.swift */,
				3FF24FE02AD9365D00918A11 /* UpcomingTripsView.swift */,
				3FF24FE22AD9368F00918A11 /* BudgetVisualizationView.swift */,
				3FF24FE42AD936C500918A11 /* RecentTransactionsView.swift */,
				3FF24FE62AD9371A00918A11 /* BudgetGoalsView.swift */,
			);
			path = Views;
			sourceTree = "<group>";
		};
		3FF24FE82AD9477700918A11 /* Models */ = {
			isa = PBXGroup;
			children = (
				3FF24FE92AD9478300918A11 /* User.swift */,
				3FF24FEF2AD949E200918A11 /* Day.swift */,
				3FF24FED2AD949CF00918A11 /* City.swift */,
				3FF24FEB2AD949B400918A11 /* Activity.swift */,
				3FF24FF12AD94A0200918A11 /* Transaction.swift */,
			);
			path = Models;
			sourceTree = "<group>";
		};
/* End PBXGroup section */

/* Begin PBXNativeTarget section */
		3FF24FBB2AD92AE300918A11 /* Budgeteer */ = {
			isa = PBXNativeTarget;
			buildConfigurationList = 3FF24FCA2AD92AE400918A11 /* Build configuration list for PBXNativeTarget "Budgeteer" */;
			buildPhases = (
				3FF24FB82AD92AE300918A11 /* Sources */,
				3FF24FB92AD92AE300918A11 /* Frameworks */,
				3FF24FBA2AD92AE300918A11 /* Resources */,
			);
			buildRules = (
			);
			dependencies = (
			);
			name = Budgeteer;
			productName = Budgeteer;
			productReference = 3FF24FBC2AD92AE300918A11 /* Budgeteer.app */;
			productType = "com.apple.product-type.application";
		};
/* End PBXNativeTarget section */

/* Begin PBXProject section */
		3FF24FB42AD92AE300918A11 /* Project object */ = {
			isa = PBXProject;
			attributes = {
				BuildIndependentTargetsInParallel = 1;
				LastSwiftUpdateCheck = 1500;
				LastUpgradeCheck = 1500;
				TargetAttributes = {
					3FF24FBB2AD92AE300918A11 = {
						CreatedOnToolsVersion = 15.0;
					};
				};
			};
			buildConfigurationList = 3FF24FB72AD92AE300918A11 /* Build configuration list for PBXProject "Budgeteer" */;
			compatibilityVersion = "Xcode 14.0";
			developmentRegion = en;
			hasScannedForEncodings = 0;
			knownRegions = (
				en,
				Base,
			);
			mainGroup = 3FF24FB32AD92AE300918A11;
			productRefGroup = 3FF24FBD2AD92AE300918A11 /* Products */;
			projectDirPath = "";
			projectRoot = "";
			targets = (
				3FF24FBB2AD92AE300918A11 /* Budgeteer */,
			);
		};
/* End PBXProject section */

/* Begin PBXResourcesBuildPhase section */
		3FF24FBA2AD92AE300918A11 /* Resources */ = {
			isa = PBXResourcesBuildPhase;
			buildActionMask = 2147483647;
			files = (
				3FF24FC72AD92AE400918A11 /* Preview Assets.xcassets in Resources */,
				3FF24FC42AD92AE400918A11 /* Assets.xcassets in Resources */,
			);
			runOnlyForDeploymentPostprocessing = 0;
		};
/* End PBXResourcesBuildPhase section */

/* Begin PBXSourcesBuildPhase section */
		3FF24FB82AD92AE300918A11 /* Sources */ = {
			isa = PBXSourcesBuildPhase;
			buildActionMask = 2147483647;
			files = (
				3FF24FF22AD94A0200918A11 /* Transaction.swift in Sources */,
				3FF24FD92AD9356C00918A11 /* TransactionsView.swift in Sources */,
				3FF24FDF2AD9360700918A11 /* SummaryView.swift in Sources */,
				3FF24FE12AD9365D00918A11 /* UpcomingTripsView.swift in Sources */,
				3FF24FE72AD9371A00918A11 /* BudgetGoalsView.swift in Sources */,
				3FF24FE32AD9368F00918A11 /* BudgetVisualizationView.swift in Sources */,
				3FF24FD22AD92E8A00918A11 /* HomeView.swift in Sources */,
				3FF24FEE2AD949CF00918A11 /* City.swift in Sources */,
				3FF24FDC2AD935A600918A11 /* StatsView.swift in Sources */,
				3FF24FF02AD949E200918A11 /* Day.swift in Sources */,
				3FF24FD42AD92E9D00918A11 /* SettingsView.swift in Sources */,
				3FF24FEA2AD9478300918A11 /* User.swift in Sources */,
				3FF24FC22AD92AE300918A11 /* MainTabView.swift in Sources */,
				3FF24FE52AD936C500918A11 /* RecentTransactionsView.swift in Sources */,
				3FF24FEC2AD949B400918A11 /* Activity.swift in Sources */,
				3FF24FC02AD92AE300918A11 /* BudgeteerApp.swift in Sources */,
			);
			runOnlyForDeploymentPostprocessing = 0;
		};
/* End PBXSourcesBuildPhase section */

/* Begin XCBuildConfiguration section */
		3FF24FC82AD92AE400918A11 /* Debug */ = {
			isa = XCBuildConfiguration;
			buildSettings = {
				ALWAYS_SEARCH_USER_PATHS = NO;
				ASSETCATALOG_COMPILER_GENERATE_SWIFT_ASSET_SYMBOL_EXTENSIONS = YES;
				CLANG_ANALYZER_NONNULL = YES;
				CLANG_ANALYZER_NUMBER_OBJECT_CONVERSION = YES_AGGRESSIVE;
				CLANG_CXX_LANGUAGE_STANDARD = "gnu++20";
				CLANG_ENABLE_MODULES = YES;
				CLANG_ENABLE_OBJC_ARC = YES;
				CLANG_ENABLE_OBJC_WEAK = YES;
				CLANG_WARN_BLOCK_CAPTURE_AUTORELEASING = YES;
				CLANG_WARN_BOOL_CONVERSION = YES;
				CLANG_WARN_COMMA = YES;
				CLANG_WARN_CONSTANT_CONVERSION = YES;
				CLANG_WARN_DEPRECATED_OBJC_IMPLEMENTATIONS = YES;
				CLANG_WARN_DIRECT_OBJC_ISA_USAGE = YES_ERROR;
				CLANG_WARN_DOCUMENTATION_COMMENTS = YES;
				CLANG_WARN_EMPTY_BODY = YES;
				CLANG_WARN_ENUM_CONVERSION = YES;
				CLANG_WARN_INFINITE_RECURSION = YES;
				CLANG_WARN_INT_CONVERSION = YES;
				CLANG_WARN_NON_LITERAL_NULL_CONVERSION = YES;
				CLANG_WARN_OBJC_IMPLICIT_RETAIN_SELF = YES;
				CLANG_WARN_OBJC_LITERAL_CONVERSION = YES;
				CLANG_WARN_OBJC_ROOT_CLASS = YES_ERROR;
				CLANG_WARN_QUOTED_INCLUDE_IN_FRAMEWORK_HEADER = YES;
				CLANG_WARN_RANGE_LOOP_ANALYSIS = YES;
				CLANG_WARN_STRICT_PROTOTYPES = YES;
				CLANG_WARN_SUSPICIOUS_MOVE = YES;
				CLANG_WARN_UNGUARDED_AVAILABILITY = YES_AGGRESSIVE;
				CLANG_WARN_UNREACHABLE_CODE = YES;
				CLANG_WARN__DUPLICATE_METHOD_MATCH = YES;
				COPY_PHASE_STRIP = NO;
				DEBUG_INFORMATION_FORMAT = dwarf;
				ENABLE_STRICT_OBJC_MSGSEND = YES;
				ENABLE_TESTABILITY = YES;
				ENABLE_USER_SCRIPT_SANDBOXING = YES;
				GCC_C_LANGUAGE_STANDARD = gnu17;
				GCC_DYNAMIC_NO_PIC = NO;
				GCC_NO_COMMON_BLOCKS = YES;
				GCC_OPTIMIZATION_LEVEL = 0;
				GCC_PREPROCESSOR_DEFINITIONS = (
					"DEBUG=1",
					"$(inherited)",
				);
				GCC_WARN_64_TO_32_BIT_CONVERSION = YES;
				GCC_WARN_ABOUT_RETURN_TYPE = YES_ERROR;
				GCC_WARN_UNDECLARED_SELECTOR = YES;
				GCC_WARN_UNINITIALIZED_AUTOS = YES_AGGRESSIVE;
				GCC_WARN_UNUSED_FUNCTION = YES;
				GCC_WARN_UNUSED_VARIABLE = YES;
				IPHONEOS_DEPLOYMENT_TARGET = 17.0;
				LOCALIZATION_PREFERS_STRING_CATALOGS = YES;
				MTL_ENABLE_DEBUG_INFO = INCLUDE_SOURCE;
				MTL_FAST_MATH = YES;
				ONLY_ACTIVE_ARCH = YES;
				SDKROOT = iphoneos;
				SWIFT_ACTIVE_COMPILATION_CONDITIONS = "DEBUG $(inherited)";
				SWIFT_OPTIMIZATION_LEVEL = "-Onone";
			};
			name = Debug;
		};
		3FF24FC92AD92AE400918A11 /* Release */ = {
			isa = XCBuildConfiguration;
			buildSettings = {
				ALWAYS_SEARCH_USER_PATHS = NO;
				ASSETCATALOG_COMPILER_GENERATE_SWIFT_ASSET_SYMBOL_EXTENSIONS = YES;
				CLANG_ANALYZER_NONNULL = YES;
				CLANG_ANALYZER_NUMBER_OBJECT_CONVERSION = YES_AGGRESSIVE;
				CLANG_CXX_LANGUAGE_STANDARD = "gnu++20";
				CLANG_ENABLE_MODULES = YES;
				CLANG_ENABLE_OBJC_ARC = YES;
				CLANG_ENABLE_OBJC_WEAK = YES;
				CLANG_WARN_BLOCK_CAPTURE_AUTORELEASING = YES;
				CLANG_WARN_BOOL_CONVERSION = YES;
				CLANG_WARN_COMMA = YES;
				CLANG_WARN_CONSTANT_CONVERSION = YES;
				CLANG_WARN_DEPRECATED_OBJC_IMPLEMENTATIONS = YES;
				CLANG_WARN_DIRECT_OBJC_ISA_USAGE = YES_ERROR;
				CLANG_WARN_DOCUMENTATION_COMMENTS = YES;
				CLANG_WARN_EMPTY_BODY = YES;
				CLANG_WARN_ENUM_CONVERSION = YES;
				CLANG_WARN_INFINITE_RECURSION = YES;
				CLANG_WARN_INT_CONVERSION = YES;
				CLANG_WARN_NON_LITERAL_NULL_CONVERSION = YES;
				CLANG_WARN_OBJC_IMPLICIT_RETAIN_SELF = YES;
				CLANG_WARN_OBJC_LITERAL_CONVERSION = YES;
				CLANG_WARN_OBJC_ROOT_CLASS = YES_ERROR;
				CLANG_WARN_QUOTED_INCLUDE_IN_FRAMEWORK_HEADER = YES;
				CLANG_WARN_RANGE_LOOP_ANALYSIS = YES;
				CLANG_WARN_STRICT_PROTOTYPES = YES;
				CLANG_WARN_SUSPICIOUS_MOVE = YES;
				CLANG_WARN_UNGUARDED_AVAILABILITY = YES_AGGRESSIVE;
				CLANG_WARN_UNREACHABLE_CODE = YES;
				CLANG_WARN__DUPLICATE_METHOD_MATCH = YES;
				COPY_PHASE_STRIP = NO;
				DEBUG_INFORMATION_FORMAT = "dwarf-with-dsym";
				ENABLE_NS_ASSERTIONS = NO;
				ENABLE_STRICT_OBJC_MSGSEND = YES;
				ENABLE_USER_SCRIPT_SANDBOXING = YES;
				GCC_C_LANGUAGE_STANDARD = gnu17;
				GCC_NO_COMMON_BLOCKS = YES;
				GCC_WARN_64_TO_32_BIT_CONVERSION = YES;
				GCC_WARN_ABOUT_RETURN_TYPE = YES_ERROR;
				GCC_WARN_UNDECLARED_SELECTOR = YES;
				GCC_WARN_UNINITIALIZED_AUTOS = YES_AGGRESSIVE;
				GCC_WARN_UNUSED_FUNCTION = YES;
				GCC_WARN_UNUSED_VARIABLE = YES;
				IPHONEOS_DEPLOYMENT_TARGET = 17.0;
				LOCALIZATION_PREFERS_STRING_CATALOGS = YES;
				MTL_ENABLE_DEBUG_INFO = NO;
				MTL_FAST_MATH = YES;
				SDKROOT = iphoneos;
				SWIFT_COMPILATION_MODE = wholemodule;
				VALIDATE_PRODUCT = YES;
			};
			name = Release;
		};
		3FF24FCB2AD92AE400918A11 /* Debug */ = {
			isa = XCBuildConfiguration;
			buildSettings = {
				ASSETCATALOG_COMPILER_APPICON_NAME = AppIcon;
				ASSETCATALOG_COMPILER_GLOBAL_ACCENT_COLOR_NAME = AccentColor;
				CODE_SIGN_STYLE = Automatic;
				CURRENT_PROJECT_VERSION = 1;
				DEVELOPMENT_ASSET_PATHS = "\"Budgeteer/Preview Content\"";
				DEVELOPMENT_TEAM = BV862H23C8;
				ENABLE_PREVIEWS = YES;
				GENERATE_INFOPLIST_FILE = YES;
				INFOPLIST_KEY_UIApplicationSceneManifest_Generation = YES;
				INFOPLIST_KEY_UIApplicationSupportsIndirectInputEvents = YES;
				INFOPLIST_KEY_UILaunchScreen_Generation = YES;
				INFOPLIST_KEY_UISupportedInterfaceOrientations_iPad = "UIInterfaceOrientationPortrait UIInterfaceOrientationPortraitUpsideDown UIInterfaceOrientationLandscapeLeft UIInterfaceOrientationLandscapeRight";
				INFOPLIST_KEY_UISupportedInterfaceOrientations_iPhone = "UIInterfaceOrientationPortrait UIInterfaceOrientationLandscapeLeft UIInterfaceOrientationLandscapeRight";
				LD_RUNPATH_SEARCH_PATHS = (
					"$(inherited)",
					"@executable_path/Frameworks",
				);
				MARKETING_VERSION = 1.0;
				PRODUCT_BUNDLE_IDENTIFIER = com.andy.Budgeteer;
				PRODUCT_NAME = "$(TARGET_NAME)";
				SWIFT_EMIT_LOC_STRINGS = YES;
				SWIFT_VERSION = 5.0;
				TARGETED_DEVICE_FAMILY = "1,2";
			};
			name = Debug;
		};
		3FF24FCC2AD92AE400918A11 /* Release */ = {
			isa = XCBuildConfiguration;
			buildSettings = {
				ASSETCATALOG_COMPILER_APPICON_NAME = AppIcon;
				ASSETCATALOG_COMPILER_GLOBAL_ACCENT_COLOR_NAME = AccentColor;
				CODE_SIGN_STYLE = Automatic;
				CURRENT_PROJECT_VERSION = 1;
				DEVELOPMENT_ASSET_PATHS = "\"Budgeteer/Preview Content\"";
				DEVELOPMENT_TEAM = BV862H23C8;
				ENABLE_PREVIEWS = YES;
				GENERATE_INFOPLIST_FILE = YES;
				INFOPLIST_KEY_UIApplicationSceneManifest_Generation = YES;
				INFOPLIST_KEY_UIApplicationSupportsIndirectInputEvents = YES;
				INFOPLIST_KEY_UILaunchScreen_Generation = YES;
				INFOPLIST_KEY_UISupportedInterfaceOrientations_iPad = "UIInterfaceOrientationPortrait UIInterfaceOrientationPortraitUpsideDown UIInterfaceOrientationLandscapeLeft UIInterfaceOrientationLandscapeRight";
				INFOPLIST_KEY_UISupportedInterfaceOrientations_iPhone = "UIInterfaceOrientationPortrait UIInterfaceOrientationLandscapeLeft UIInterfaceOrientationLandscapeRight";
				LD_RUNPATH_SEARCH_PATHS = (
					"$(inherited)",
					"@executable_path/Frameworks",
				);
				MARKETING_VERSION = 1.0;
				PRODUCT_BUNDLE_IDENTIFIER = com.andy.Budgeteer;
				PRODUCT_NAME = "$(TARGET_NAME)";
				SWIFT_EMIT_LOC_STRINGS = YES;
				SWIFT_VERSION = 5.0;
				TARGETED_DEVICE_FAMILY = "1,2";
			};
			name = Release;
		};
/* End XCBuildConfiguration section */

/* Begin XCConfigurationList section */
		3FF24FB72AD92AE300918A11 /* Build configuration list for PBXProject "Budgeteer" */ = {
			isa = XCConfigurationList;
			buildConfigurations = (
				3FF24FC82AD92AE400918A11 /* Debug */,
				3FF24FC92AD92AE400918A11 /* Release */,
			);
			defaultConfigurationIsVisible = 0;
			defaultConfigurationName = Release;
		};
		3FF24FCA2AD92AE400918A11 /* Build configuration list for PBXNativeTarget "Budgeteer" */ = {
			isa = XCConfigurationList;
			buildConfigurations = (
				3FF24FCB2AD92AE400918A11 /* Debug */,
				3FF24FCC2AD92AE400918A11 /* Release */,
			);
			defaultConfigurationIsVisible = 0;
			defaultConfigurationName = Release;
		};
/* End XCConfigurationList section */
	};
	rootObject = 3FF24FB42AD92AE300918A11 /* Project object */;
}
